
Microsoft Visual Studio Solution File, Format Version 12.00
# Visual Studio Version 16
VisualStudioVersion = 16.0.30021.99
MinimumVisualStudioVersion = 10.0.40219.1
Project("{FAE04EC0-301F-11D3-BF4B-00C04F79EFBC}") = "JaraQRCode", "JaraQRCode.csproj", "{5484BB6D-10F5-433B-AC89-DC95AAAAB66D}"
EndProject
Global
	GlobalSection(SolutionConfigurationPlatforms) = preSolution
		Debug|Any CPU = Debug|Any CPU
		Release|Any CPU = Release|Any CPU
	EndGlobalSection
	GlobalSection(ProjectConfigurationPlatforms) = postSolution
		{5484BB6D-10F5-433B-AC89-DC95AAAAB66D}.Debug|Any CPU.ActiveCfg = Debug|Any CPU
		{5484BB6D-10F5-433B-AC89-DC95AAAAB66D}.Debug|Any CPU.Build.0 = Debug|Any CPU
		{5484BB6D-10F5-433B-AC89-DC95AAAAB66D}.Release|Any CPU.ActiveCfg = Release|Any CPU
		{5484BB6D-10F5-433B-AC89-DC95AAAAB66D}.Release|Any CPU.Build.0 = Release|Any CPU
	EndGlobalSection
	GlobalSection(SolutionProperties) = preSolution
		HideSolutionNode = FALSE
	EndGlobalSection
	GlobalSection(ExtensibilityGlobals) = postSolution
		SolutionGuid = {87370B5D-A2A3-440E-BA06-944B259A3109}
	EndGlobalSection
EndGlobal
