
Microsoft Visual Studio Solution File, Format Version 12.00
# Visual Studio Version 16
VisualStudioVersion = 16.0.30021.99
MinimumVisualStudioVersion = 10.0.40219.1
Project("{FAE04EC0-301F-11D3-BF4B-00C04F79EFBC}") = "JaraQRCode", "JaraQRCode.csproj", "{5484BB6D-10F5-433B-AC89-DC95AAAAB66D}"
EndProject
Project("{2150E333-8FDC-42A3-9474-1A3956D46DE8}") = "Platforms", "Platforms", "{38F2D6F1-6BE0-415B-8D5B-2E32FB606E25}"
EndProject
Project("{FAE04EC0-301F-11D3-BF4B-00C04F79EFBC}") = "JaraQRCode.WPF", "..\JaraQRCode.WPF\JaraQRCode.WPF.csproj", "{16235108-9684-4E18-81BC-F8183C94565D}"
EndProject
Global
	GlobalSection(SolutionConfigurationPlatforms) = preSolution
		Debug|Any CPU = Debug|Any CPU
		Release|Any CPU = Release|Any CPU
	EndGlobalSection
	GlobalSection(ProjectConfigurationPlatforms) = postSolution
		{5484BB6D-10F5-433B-AC89-DC95AAAAB66D}.Debug|Any CPU.ActiveCfg = Debug|Any CPU
		{5484BB6D-10F5-433B-AC89-DC95AAAAB66D}.Debug|Any CPU.Build.0 = Debug|Any CPU
		{5484BB6D-10F5-433B-AC89-DC95AAAAB66D}.Release|Any CPU.ActiveCfg = Release|Any CPU
		{5484BB6D-10F5-433B-AC89-DC95AAAAB66D}.Release|Any CPU.Build.0 = Release|Any CPU
		{16235108-9684-4E18-81BC-F8183C94565D}.Debug|Any CPU.ActiveCfg = Debug|Any CPU
		{16235108-9684-4E18-81BC-F8183C94565D}.Debug|Any CPU.Build.0 = Debug|Any CPU
		{16235108-9684-4E18-81BC-F8183C94565D}.Release|Any CPU.ActiveCfg = Release|Any CPU
		{16235108-9684-4E18-81BC-F8183C94565D}.Release|Any CPU.Build.0 = Release|Any CPU
	EndGlobalSection
	GlobalSection(SolutionProperties) = preSolution
		HideSolutionNode = FALSE
	EndGlobalSection
	GlobalSection(NestedProjects) = preSolution
		{16235108-9684-4E18-81BC-F8183C94565D} = {38F2D6F1-6BE0-415B-8D5B-2E32FB606E25}
	EndGlobalSection
	GlobalSection(ExtensibilityGlobals) = postSolution
		SolutionGuid = {87370B5D-A2A3-440E-BA06-944B259A3109}
	EndGlobalSection
EndGlobal
